
Microsoft Visual Studio Solution File, Format Version 12.00
# Visual Studio Version 17
VisualStudioVersion = 17.8.34309.116
MinimumVisualStudioVersion = 10.0.40219.1
Project("{9A19103F-16F7-4668-BE54-9A1E7A4F7556}") = "ShopWebApi", "ShopWebApi\ShopWebApi.csproj", "{929D4B8D-1D11-431F-92DD-F9F506555280}"
EndProject
Project("{9A19103F-16F7-4668-BE54-9A1E7A4F7556}") = "Shop.Service", "Shop.Service\Shop.Service.csproj", "{A97AAC3B-9D9B-4BEB-B997-7F96AF2A7B8E}"
EndProject
Project("{9A19103F-16F7-4668-BE54-9A1E7A4F7556}") = "Shop.Repo", "Shop.Repo\Shop.Repo.csproj", "{D052261A-9D6A-440E-9C77-EEF8C689C034}"
EndProject
Global
	GlobalSection(SolutionConfigurationPlatforms) = preSolution
		Debug|Any CPU = Debug|Any CPU
		Release|Any CPU = Release|Any CPU
	EndGlobalSection
	GlobalSection(ProjectConfigurationPlatforms) = postSolution
		{929D4B8D-1D11-431F-92DD-F9F506555280}.Debug|Any CPU.ActiveCfg = Debug|Any CPU
		{929D4B8D-1D11-431F-92DD-F9F506555280}.Debug|Any CPU.Build.0 = Debug|Any CPU
		{929D4B8D-1D11-431F-92DD-F9F506555280}.Release|Any CPU.ActiveCfg = Release|Any CPU
		{929D4B8D-1D11-431F-92DD-F9F506555280}.Release|Any CPU.Build.0 = Release|Any CPU
		{A97AAC3B-9D9B-4BEB-B997-7F96AF2A7B8E}.Debug|Any CPU.ActiveCfg = Debug|Any CPU
		{A97AAC3B-9D9B-4BEB-B997-7F96AF2A7B8E}.Debug|Any CPU.Build.0 = Debug|Any CPU
		{A97AAC3B-9D9B-4BEB-B997-7F96AF2A7B8E}.Release|Any CPU.ActiveCfg = Release|Any CPU
		{A97AAC3B-9D9B-4BEB-B997-7F96AF2A7B8E}.Release|Any CPU.Build.0 = Release|Any CPU
		{D052261A-9D6A-440E-9C77-EEF8C689C034}.Debug|Any CPU.ActiveCfg = Debug|Any CPU
		{D052261A-9D6A-440E-9C77-EEF8C689C034}.Debug|Any CPU.Build.0 = Debug|Any CPU
		{D052261A-9D6A-440E-9C77-EEF8C689C034}.Release|Any CPU.ActiveCfg = Release|Any CPU
		{D052261A-9D6A-440E-9C77-EEF8C689C034}.Release|Any CPU.Build.0 = Release|Any CPU
	EndGlobalSection
	GlobalSection(SolutionProperties) = preSolution
		HideSolutionNode = FALSE
	EndGlobalSection
	GlobalSection(ExtensibilityGlobals) = postSolution
		SolutionGuid = {28E67784-BF8C-4F2E-B954-511D2B512787}
	EndGlobalSection
EndGlobal
